
Microsoft Visual Studio Solution File, Format Version 12.00
# Visual Studio Version 17
VisualStudioVersion = 17.14.36616.10 d17.14
MinimumVisualStudioVersion = 10.0.40219.1
Project("{FAE04EC0-301F-11D3-BF4B-00C04F79EFBC}") = "Assessment_1", "Assessment_1\Assessment_1.csproj", "{064FA1EA-6804-43F0-8EE4-38C17FD8B61C}"
EndProject
Global
	GlobalSection(SolutionConfigurationPlatforms) = preSolution
		Debug|Any CPU = Debug|Any CPU
		Release|Any CPU = Release|Any CPU
	EndGlobalSection
	GlobalSection(ProjectConfigurationPlatforms) = postSolution
		{064FA1EA-6804-43F0-8EE4-38C17FD8B61C}.Debug|Any CPU.ActiveCfg = Debug|Any CPU
		{064FA1EA-6804-43F0-8EE4-38C17FD8B61C}.Debug|Any CPU.Build.0 = Debug|Any CPU
		{064FA1EA-6804-43F0-8EE4-38C17FD8B61C}.Release|Any CPU.ActiveCfg = Release|Any CPU
		{064FA1EA-6804-43F0-8EE4-38C17FD8B61C}.Release|Any CPU.Build.0 = Release|Any CPU
	EndGlobalSection
	GlobalSection(SolutionProperties) = preSolution
		HideSolutionNode = FALSE
	EndGlobalSection
	GlobalSection(ExtensibilityGlobals) = postSolution
		SolutionGuid = {E1BCD254-CE65-4A98-B0A6-78ADF21D067C}
	EndGlobalSection
EndGlobal
